
Microsoft Visual Studio Solution File, Format Version 12.00
# Visual Studio Version 16
VisualStudioVersion = 16.0.31019.35
MinimumVisualStudioVersion = 10.0.40219.1
Project("{FAE04EC0-301F-11D3-BF4B-00C04F79EFBC}") = "Capa_Datos", "Capa_Datos\Capa_Datos.csproj", "{0673D018-6B3E-4A57-9A74-B70DAC70CB8C}"
EndProject
Project("{FAE04EC0-301F-11D3-BF4B-00C04F79EFBC}") = "Capa_Negocio", "Capa_Negocio\Capa_Negocio.csproj", "{84E3D8DE-9B73-4698-A186-AB76ABAC2579}"
EndProject
Project("{FAE04EC0-301F-11D3-BF4B-00C04F79EFBC}") = "Capa_Entidad", "Capa_Entidad\Capa_Entidad.csproj", "{83F2B138-1960-487B-80E7-88A22FEAB1DE}"
EndProject
Project("{FAE04EC0-301F-11D3-BF4B-00C04F79EFBC}") = "ProyectoFinal", "ProyectoFinal\ProyectoFinal.csproj", "{4F9E1637-431E-4DF4-A452-08A239E52448}"
EndProject
Project("{FAE04EC0-301F-11D3-BF4B-00C04F79EFBC}") = "Capa_Servicios", "Capa_Servicios\Capa_Servicios.csproj", "{6876F981-BFDF-49DC-A166-2CD528D1E576}"
EndProject
Global
	GlobalSection(SolutionConfigurationPlatforms) = preSolution
		Debug|Any CPU = Debug|Any CPU
		Release|Any CPU = Release|Any CPU
	EndGlobalSection
	GlobalSection(ProjectConfigurationPlatforms) = postSolution
		{0673D018-6B3E-4A57-9A74-B70DAC70CB8C}.Debug|Any CPU.ActiveCfg = Debug|Any CPU
		{0673D018-6B3E-4A57-9A74-B70DAC70CB8C}.Debug|Any CPU.Build.0 = Debug|Any CPU
		{0673D018-6B3E-4A57-9A74-B70DAC70CB8C}.Release|Any CPU.ActiveCfg = Release|Any CPU
		{0673D018-6B3E-4A57-9A74-B70DAC70CB8C}.Release|Any CPU.Build.0 = Release|Any CPU
		{84E3D8DE-9B73-4698-A186-AB76ABAC2579}.Debug|Any CPU.ActiveCfg = Debug|Any CPU
		{84E3D8DE-9B73-4698-A186-AB76ABAC2579}.Debug|Any CPU.Build.0 = Debug|Any CPU
		{84E3D8DE-9B73-4698-A186-AB76ABAC2579}.Release|Any CPU.ActiveCfg = Release|Any CPU
		{84E3D8DE-9B73-4698-A186-AB76ABAC2579}.Release|Any CPU.Build.0 = Release|Any CPU
		{83F2B138-1960-487B-80E7-88A22FEAB1DE}.Debug|Any CPU.ActiveCfg = Debug|Any CPU
		{83F2B138-1960-487B-80E7-88A22FEAB1DE}.Debug|Any CPU.Build.0 = Debug|Any CPU
		{83F2B138-1960-487B-80E7-88A22FEAB1DE}.Release|Any CPU.ActiveCfg = Release|Any CPU
		{83F2B138-1960-487B-80E7-88A22FEAB1DE}.Release|Any CPU.Build.0 = Release|Any CPU
		{4F9E1637-431E-4DF4-A452-08A239E52448}.Debug|Any CPU.ActiveCfg = Debug|Any CPU
		{4F9E1637-431E-4DF4-A452-08A239E52448}.Debug|Any CPU.Build.0 = Debug|Any CPU
		{4F9E1637-431E-4DF4-A452-08A239E52448}.Release|Any CPU.ActiveCfg = Release|Any CPU
		{4F9E1637-431E-4DF4-A452-08A239E52448}.Release|Any CPU.Build.0 = Release|Any CPU
		{6876F981-BFDF-49DC-A166-2CD528D1E576}.Debug|Any CPU.ActiveCfg = Debug|Any CPU
		{6876F981-BFDF-49DC-A166-2CD528D1E576}.Debug|Any CPU.Build.0 = Debug|Any CPU
		{6876F981-BFDF-49DC-A166-2CD528D1E576}.Release|Any CPU.ActiveCfg = Release|Any CPU
		{6876F981-BFDF-49DC-A166-2CD528D1E576}.Release|Any CPU.Build.0 = Release|Any CPU
	EndGlobalSection
	GlobalSection(SolutionProperties) = preSolution
		HideSolutionNode = FALSE
	EndGlobalSection
	GlobalSection(ExtensibilityGlobals) = postSolution
		SolutionGuid = {EDDE5C77-210E-4FAC-80BB-6AA130AF118E}
	EndGlobalSection
EndGlobal
